{
    "version": 3,
    "terraform_version": "0.11.11",
    "serial": 10,
    "lineage": "4b65aec1-d996-2b8e-74c5-c6bbaf4c4fd9",
    "modules": [
        {
            "path": [
                "root"
            ],
            "outputs": {
                "alb_dns_name": {
                    "sensitive": false,
                    "type": "string",
                    "value": "tek-as-fulstack-alb-app-20484739.us-east-2.elb.amazonaws.com"
                }
            },
            "resources": {
                "aws_route53_record.main": {
                    "type": "aws_route53_record",
                    "depends_on": [
                        "aws_route53_zone.primary_route",
                        "module.ecs"
                    ],
                    "primary": {
                        "id": "Z87AHWQOODRTU_tech-assessment-fullstack.luminopia-dev.com_A",
                        "attributes": {
                            "alias.#": "1",
                            "alias.3515014865.evaluate_target_health": "true",
                            "alias.3515014865.name": "tek-as-fulstack-alb-app-20484739.us-east-2.elb.amazonaws.com",
                            "alias.3515014865.zone_id": "Z3AADJGX6KTTL2",
                            "fqdn": "tech-assessment-fullstack.luminopia-dev.com",
                            "health_check_id": "",
                            "id": "Z87AHWQOODRTU_tech-assessment-fullstack.luminopia-dev.com_A",
                            "name": "tech-assessment-fullstack.luminopia-dev.com",
                            "records.#": "0",
                            "set_identifier": "",
                            "ttl": "0",
                            "type": "A",
                            "zone_id": "Z87AHWQOODRTU"
                        },
                        "meta": {
                            "schema_version": "2"
                        },
                        "tainted": false
                    },
                    "deposed": [],
                    "provider": "provider.aws"
                },
                "aws_route53_zone.primary_route": {
                    "type": "aws_route53_zone",
                    "depends_on": [],
                    "primary": {
                        "id": "Z87AHWQOODRTU",
                        "attributes": {
                            "comment": "Managed by Terraform",
                            "delegation_set_id": "",
                            "force_destroy": "false",
                            "id": "Z87AHWQOODRTU",
                            "name": "tech-assessment-fullstack.luminopia-dev.com.",
                            "name_servers.#": "4",
                            "name_servers.0": "ns-1185.awsdns-20.org",
                            "name_servers.1": "ns-1955.awsdns-52.co.uk",
                            "name_servers.2": "ns-479.awsdns-59.com",
                            "name_servers.3": "ns-844.awsdns-41.net",
                            "tags.%": "0",
                            "vpc.#": "0",
                            "zone_id": "Z87AHWQOODRTU"
                        },
                        "meta": {},
                        "tainted": false
                    },
                    "deposed": [],
                    "provider": "provider.aws"
                }
            },
            "depends_on": []
        },
        {
            "path": [
                "root",
                "ecs"
            ],
            "outputs": {
                "alb_dns_name": {
                    "sensitive": false,
                    "type": "string",
                    "value": "tek-as-fulstack-alb-app-20484739.us-east-2.elb.amazonaws.com"
                },
                "alb_zone_id": {
                    "sensitive": false,
                    "type": "string",
                    "value": "Z3AADJGX6KTTL2"
                },
                "cluster_name": {
                    "sensitive": false,
                    "type": "string",
                    "value": "tek-as-fulstack-ecs-cluster"
                },
                "repository_url": {
                    "sensitive": false,
                    "type": "string",
                    "value": "008634694210.dkr.ecr.us-east-2.amazonaws.com/tech-assessment/fullstack/api"
                },
                "security_group_id": {
                    "sensitive": false,
                    "type": "string",
                    "value": "sg-0ef984cb828a02c7e"
                },
                "service_name": {
                    "sensitive": false,
                    "type": "string",
                    "value": "tek-as-fulstack-app"
                }
            },
            "resources": {
                "aws_alb.alb_app": {
                    "type": "aws_alb",
                    "depends_on": [
                        "aws_security_group.app_inbound_sg"
                    ],
                    "primary": {
                        "id": "arn:aws:elasticloadbalancing:us-east-2:008634694210:loadbalancer/app/tek-as-fulstack-alb-app/15f48727277a9be9",
                        "attributes": {
                            "access_logs.#": "0",
                            "arn": "arn:aws:elasticloadbalancing:us-east-2:008634694210:loadbalancer/app/tek-as-fulstack-alb-app/15f48727277a9be9",
                            "arn_suffix": "app/tek-as-fulstack-alb-app/15f48727277a9be9",
                            "dns_name": "tek-as-fulstack-alb-app-20484739.us-east-2.elb.amazonaws.com",
                            "enable_deletion_protection": "false",
                            "enable_http2": "true",
                            "id": "arn:aws:elasticloadbalancing:us-east-2:008634694210:loadbalancer/app/tek-as-fulstack-alb-app/15f48727277a9be9",
                            "idle_timeout": "60",
                            "internal": "false",
                            "ip_address_type": "ipv4",
                            "load_balancer_type": "application",
                            "name": "tek-as-fulstack-alb-app",
                            "security_groups.#": "3",
                            "security_groups.2472187262": "sg-0bdba155f7f9cc6c8",
                            "security_groups.3307811793": "sg-09dc246bcd7d062c3",
                            "security_groups.450312297": "sg-0ca1febd286abf0d5",
                            "subnet_mapping.#": "0",
                            "subnets.#": "2",
                            "subnets.217296449": "subnet-0be8e35a2c0fa597b",
                            "subnets.3283386069": "subnet-0e5bdcbba3854530f",
                            "tags.%": "2",
                            "tags.Environment": "tek-as-fulstack",
                            "tags.Name": "tek-as-fulstack-alb-app",
                            "vpc_id": "vpc-076c3a0252852148a",
                            "zone_id": "Z3AADJGX6KTTL2"
                        },
                        "meta": {
                            "e2bfb730-ecaa-11e6-8f88-34363bc7c4c0": {
                                "create": 600000000000,
                                "delete": 600000000000,
                                "update": 600000000000
                            }
                        },
                        "tainted": false
                    },
                    "deposed": [],
                    "provider": "provider.aws"
                },
                "aws_alb_listener.app": {
                    "type": "aws_alb_listener",
                    "depends_on": [
                        "aws_alb.alb_app",
                        "aws_alb_target_group.alb_target_group"
                    ],
                    "primary": {
                        "id": "arn:aws:elasticloadbalancing:us-east-2:008634694210:listener/app/tek-as-fulstack-alb-app/15f48727277a9be9/69e44cde533c58a3",
                        "attributes": {
                            "arn": "arn:aws:elasticloadbalancing:us-east-2:008634694210:listener/app/tek-as-fulstack-alb-app/15f48727277a9be9/69e44cde533c58a3",
                            "default_action.#": "1",
                            "default_action.0.authenticate_cognito.#": "0",
                            "default_action.0.authenticate_oidc.#": "0",
                            "default_action.0.fixed_response.#": "0",
                            "default_action.0.order": "1",
                            "default_action.0.redirect.#": "0",
                            "default_action.0.target_group_arn": "arn:aws:elasticloadbalancing:us-east-2:008634694210:targetgroup/tek-as-fulstack-alb-tg-8ed2/32ff1df30fcea40f",
                            "default_action.0.type": "forward",
                            "id": "arn:aws:elasticloadbalancing:us-east-2:008634694210:listener/app/tek-as-fulstack-alb-app/15f48727277a9be9/69e44cde533c58a3",
                            "load_balancer_arn": "arn:aws:elasticloadbalancing:us-east-2:008634694210:loadbalancer/app/tek-as-fulstack-alb-app/15f48727277a9be9",
                            "port": "80",
                            "protocol": "HTTP",
                            "ssl_policy": ""
                        },
                        "meta": {
                            "e2bfb730-ecaa-11e6-8f88-34363bc7c4c0": {
                                "read": 600000000000
                            }
                        },
                        "tainted": false
                    },
                    "deposed": [],
                    "provider": "provider.aws"
                },
                "aws_alb_target_group.alb_target_group": {
                    "type": "aws_alb_target_group",
                    "depends_on": [
                        "random_id.target_group_sufix"
                    ],
                    "primary": {
                        "id": "arn:aws:elasticloadbalancing:us-east-2:008634694210:targetgroup/tek-as-fulstack-alb-tg-8ed2/32ff1df30fcea40f",
                        "attributes": {
                            "arn": "arn:aws:elasticloadbalancing:us-east-2:008634694210:targetgroup/tek-as-fulstack-alb-tg-8ed2/32ff1df30fcea40f",
                            "arn_suffix": "targetgroup/tek-as-fulstack-alb-tg-8ed2/32ff1df30fcea40f",
                            "deregistration_delay": "300",
                            "health_check.#": "1",
                            "health_check.0.enabled": "true",
                            "health_check.0.healthy_threshold": "5",
                            "health_check.0.interval": "30",
                            "health_check.0.matcher": "200",
                            "health_check.0.path": "/",
                            "health_check.0.port": "traffic-port",
                            "health_check.0.protocol": "HTTP",
                            "health_check.0.timeout": "5",
                            "health_check.0.unhealthy_threshold": "2",
                            "id": "arn:aws:elasticloadbalancing:us-east-2:008634694210:targetgroup/tek-as-fulstack-alb-tg-8ed2/32ff1df30fcea40f",
                            "lambda_multi_value_headers_enabled": "false",
                            "name": "tek-as-fulstack-alb-tg-8ed2",
                            "port": "80",
                            "protocol": "HTTP",
                            "proxy_protocol_v2": "false",
                            "slow_start": "0",
                            "stickiness.#": "1",
                            "stickiness.0.cookie_duration": "86400",
                            "stickiness.0.enabled": "false",
                            "stickiness.0.type": "lb_cookie",
                            "tags.%": "0",
                            "target_type": "ip",
                            "vpc_id": "vpc-076c3a0252852148a"
                        },
                        "meta": {},
                        "tainted": false
                    },
                    "deposed": [],
                    "provider": "provider.aws"
                },
                "aws_ecr_repository.app": {
                    "type": "aws_ecr_repository",
                    "depends_on": [],
                    "primary": {
                        "id": "tech-assessment/fullstack/api",
                        "attributes": {
                            "arn": "arn:aws:ecr:us-east-2:008634694210:repository/tech-assessment/fullstack/api",
                            "id": "tech-assessment/fullstack/api",
                            "name": "tech-assessment/fullstack/api",
                            "registry_id": "008634694210",
                            "repository_url": "008634694210.dkr.ecr.us-east-2.amazonaws.com/tech-assessment/fullstack/api",
                            "tags.%": "0"
                        },
                        "meta": {
                            "e2bfb730-ecaa-11e6-8f88-34363bc7c4c0": {
                                "delete": 1200000000000
                            }
                        },
                        "tainted": false
                    },
                    "deposed": [],
                    "provider": "provider.aws"
                },
                "aws_ecs_cluster.cluster": {
                    "type": "aws_ecs_cluster",
                    "depends_on": [],
                    "primary": {
                        "id": "arn:aws:ecs:us-east-2:008634694210:cluster/tek-as-fulstack-ecs-cluster",
                        "attributes": {
                            "arn": "arn:aws:ecs:us-east-2:008634694210:cluster/tek-as-fulstack-ecs-cluster",
                            "id": "arn:aws:ecs:us-east-2:008634694210:cluster/tek-as-fulstack-ecs-cluster",
                            "name": "tek-as-fulstack-ecs-cluster",
                            "tags.%": "0"
                        },
                        "meta": {},
                        "tainted": false
                    },
                    "deposed": [],
                    "provider": "provider.aws"
                },
                "aws_ecs_service.app": {
                    "type": "aws_ecs_service",
                    "depends_on": [
                        "aws_alb_target_group.alb_target_group",
                        "aws_ecs_cluster.cluster",
                        "aws_ecs_task_definition.app",
                        "aws_security_group.ecs_service"
                    ],
                    "primary": {
                        "id": "arn:aws:ecs:us-east-2:008634694210:service/tek-as-fulstack-app",
                        "attributes": {
                            "cluster": "arn:aws:ecs:us-east-2:008634694210:cluster/tek-as-fulstack-ecs-cluster",
                            "deployment_controller.#": "1",
                            "deployment_controller.0.type": "ECS",
                            "deployment_maximum_percent": "200",
                            "deployment_minimum_healthy_percent": "100",
                            "desired_count": "1",
                            "enable_ecs_managed_tags": "false",
                            "health_check_grace_period_seconds": "0",
                            "iam_role": "aws-service-role",
                            "id": "arn:aws:ecs:us-east-2:008634694210:service/tek-as-fulstack-app",
                            "launch_type": "FARGATE",
                            "load_balancer.#": "1",
                            "load_balancer.3983056906.container_name": "app",
                            "load_balancer.3983056906.container_port": "80",
                            "load_balancer.3983056906.elb_name": "",
                            "load_balancer.3983056906.target_group_arn": "arn:aws:elasticloadbalancing:us-east-2:008634694210:targetgroup/tek-as-fulstack-alb-tg-8ed2/32ff1df30fcea40f",
                            "name": "tek-as-fulstack-app",
                            "network_configuration.#": "1",
                            "network_configuration.0.assign_public_ip": "false",
                            "network_configuration.0.security_groups.#": "3",
                            "network_configuration.0.security_groups.3210142811": "sg-0ef984cb828a02c7e",
                            "network_configuration.0.security_groups.3307811793": "sg-09dc246bcd7d062c3",
                            "network_configuration.0.security_groups.450312297": "sg-0ca1febd286abf0d5",
                            "network_configuration.0.subnets.#": "2",
                            "network_configuration.0.subnets.1134004761": "subnet-06c12cdac087ffc6c",
                            "network_configuration.0.subnets.3397305600": "subnet-06ef5164810417af0",
                            "ordered_placement_strategy.#": "0",
                            "placement_constraints.#": "0",
                            "placement_strategy.#": "0",
                            "platform_version": "LATEST",
                            "propagate_tags": "NONE",
                            "scheduling_strategy": "REPLICA",
                            "service_registries.#": "0",
                            "tags.%": "0",
                            "task_definition": "tek-as-fulstack_app:4"
                        },
                        "meta": {},
                        "tainted": false
                    },
                    "deposed": [],
                    "provider": "provider.aws"
                },
                "aws_ecs_task_definition.app": {
                    "type": "aws_ecs_task_definition",
                    "depends_on": [
                        "aws_iam_role.ecs_execution_role",
                        "data.template_file.app_task"
                    ],
                    "primary": {
                        "id": "tek-as-fulstack_app",
                        "attributes": {
                            "arn": "arn:aws:ecs:us-east-2:008634694210:task-definition/tek-as-fulstack_app:4",
                            "container_definitions": "[{\"cpu\":0,\"environment\":[],\"essential\":true,\"healthCheck\":{\"command\":[\"CMD-SHELL\",\"curl -f http://localhost || exit 1\"],\"interval\":30,\"retries\":3,\"timeout\":5},\"image\":\"008634694210.dkr.ecr.us-east-2.amazonaws.com/tech-assessment/fullstack/api\",\"logConfiguration\":{\"logDriver\":\"awslogs\",\"options\":{\"awslogs-group\":\"tech-assessment-fullstack-api\",\"awslogs-region\":\"us-east-2\",\"awslogs-stream-prefix\":\"ecs\"}},\"mountPoints\":[],\"name\":\"app\",\"portMappings\":[{\"containerPort\":80,\"hostPort\":80,\"protocol\":\"tcp\"}],\"volumesFrom\":[]}]",
                            "cpu": "256",
                            "execution_role_arn": "arn:aws:iam::008634694210:role/ecs_task_execution_role",
                            "family": "tek-as-fulstack_app",
                            "id": "tek-as-fulstack_app",
                            "memory": "512",
                            "network_mode": "awsvpc",
                            "placement_constraints.#": "0",
                            "requires_compatibilities.#": "1",
                            "requires_compatibilities.3072437307": "FARGATE",
                            "revision": "4",
                            "tags.%": "0",
                            "task_role_arn": "arn:aws:iam::008634694210:role/ecs_task_execution_role",
                            "volume.#": "0"
                        },
                        "meta": {
                            "schema_version": "1"
                        },
                        "tainted": false
                    },
                    "deposed": [],
                    "provider": "provider.aws"
                },
                "aws_iam_role.ecs_execution_role": {
                    "type": "aws_iam_role",
                    "depends_on": [],
                    "primary": {
                        "id": "ecs_task_execution_role",
                        "attributes": {
                            "arn": "arn:aws:iam::008634694210:role/ecs_task_execution_role",
                            "assume_role_policy": "{\"Version\":\"2012-10-17\",\"Statement\":[{\"Sid\":\"\",\"Effect\":\"Allow\",\"Principal\":{\"Service\":\"ecs-tasks.amazonaws.com\"},\"Action\":\"sts:AssumeRole\"}]}",
                            "create_date": "2019-04-17T19:57:33Z",
                            "description": "",
                            "force_detach_policies": "false",
                            "id": "ecs_task_execution_role",
                            "max_session_duration": "3600",
                            "name": "ecs_task_execution_role",
                            "path": "/",
                            "tags.%": "0",
                            "unique_id": "AROAQEAVK7JBNKR4D7CNZ"
                        },
                        "meta": {},
                        "tainted": false
                    },
                    "deposed": [],
                    "provider": "provider.aws"
                },
                "aws_iam_role.ecs_role": {
                    "type": "aws_iam_role",
                    "depends_on": [
                        "data.aws_iam_policy_document.ecs_service_role"
                    ],
                    "primary": {
                        "id": "ecs_role",
                        "attributes": {
                            "arn": "arn:aws:iam::008634694210:role/ecs_role",
                            "assume_role_policy": "{\"Version\":\"2012-10-17\",\"Statement\":[{\"Sid\":\"\",\"Effect\":\"Allow\",\"Principal\":{\"Service\":\"ecs.amazonaws.com\"},\"Action\":\"sts:AssumeRole\"}]}",
                            "create_date": "2019-04-17T19:57:33Z",
                            "description": "",
                            "force_detach_policies": "false",
                            "id": "ecs_role",
                            "max_session_duration": "3600",
                            "name": "ecs_role",
                            "path": "/",
                            "tags.%": "0",
                            "unique_id": "AROAQEAVK7JBDGKU6EK2X"
                        },
                        "meta": {},
                        "tainted": false
                    },
                    "deposed": [],
                    "provider": "provider.aws"
                },
                "aws_iam_role_policy.ecs_execution_role_policy": {
                    "type": "aws_iam_role_policy",
                    "depends_on": [
                        "aws_iam_role.ecs_execution_role"
                    ],
                    "primary": {
                        "id": "ecs_task_execution_role:ecs_execution_role_policy",
                        "attributes": {
                            "id": "ecs_task_execution_role:ecs_execution_role_policy",
                            "name": "ecs_execution_role_policy",
                            "policy": "{\n  \"Version\": \"2012-10-17\",\n  \"Statement\": [\n    {\n      \"Effect\": \"Allow\",\n      \"Action\": [\n        \"ecr:GetAuthorizationToken\",\n        \"ecr:BatchCheckLayerAvailability\",\n        \"ecr:GetDownloadUrlForLayer\",\n        \"ecr:BatchGetImage\",\n        \"logs:CreateLogStream\",\n        \"logs:PutLogEvents\"\n      ],\n      \"Resource\": \"*\"\n    }\n  ]\n}\n",
                            "role": "ecs_task_execution_role"
                        },
                        "meta": {},
                        "tainted": false
                    },
                    "deposed": [],
                    "provider": "provider.aws"
                },
                "aws_iam_role_policy.ecs_service_role_policy": {
                    "type": "aws_iam_role_policy",
                    "depends_on": [
                        "aws_iam_role.ecs_role",
                        "data.aws_iam_policy_document.ecs_service_policy"
                    ],
                    "primary": {
                        "id": "ecs_role:ecs_service_role_policy",
                        "attributes": {
                            "id": "ecs_role:ecs_service_role_policy",
                            "name": "ecs_service_role_policy",
                            "policy": "{\n  \"Version\": \"2012-10-17\",\n  \"Statement\": [\n    {\n      \"Sid\": \"\",\n      \"Effect\": \"Allow\",\n      \"Action\": [\n        \"elasticloadbalancing:RegisterInstancesWithLoadBalancer\",\n        \"elasticloadbalancing:Describe*\",\n        \"elasticloadbalancing:DeregisterInstancesFromLoadBalancer\",\n        \"ec2:Describe*\",\n        \"ec2:AuthorizeSecurityGroupIngress\"\n      ],\n      \"Resource\": \"*\"\n    }\n  ]\n}",
                            "role": "ecs_role"
                        },
                        "meta": {},
                        "tainted": false
                    },
                    "deposed": [],
                    "provider": "provider.aws"
                },
                "aws_security_group.app_inbound_sg": {
                    "type": "aws_security_group",
                    "depends_on": [],
                    "primary": {
                        "id": "sg-0bdba155f7f9cc6c8",
                        "attributes": {
                            "arn": "arn:aws:ec2:us-east-2:008634694210:security-group/sg-0bdba155f7f9cc6c8",
                            "description": "Allow HTTP from Anywhere into ALB",
                            "egress.#": "1",
                            "egress.482069346.cidr_blocks.#": "1",
                            "egress.482069346.cidr_blocks.0": "0.0.0.0/0",
                            "egress.482069346.description": "",
                            "egress.482069346.from_port": "0",
                            "egress.482069346.ipv6_cidr_blocks.#": "0",
                            "egress.482069346.prefix_list_ids.#": "0",
                            "egress.482069346.protocol": "-1",
                            "egress.482069346.security_groups.#": "0",
                            "egress.482069346.self": "false",
                            "egress.482069346.to_port": "0",
                            "id": "sg-0bdba155f7f9cc6c8",
                            "ingress.#": "2",
                            "ingress.2214680975.cidr_blocks.#": "1",
                            "ingress.2214680975.cidr_blocks.0": "0.0.0.0/0",
                            "ingress.2214680975.description": "",
                            "ingress.2214680975.from_port": "80",
                            "ingress.2214680975.ipv6_cidr_blocks.#": "0",
                            "ingress.2214680975.prefix_list_ids.#": "0",
                            "ingress.2214680975.protocol": "tcp",
                            "ingress.2214680975.security_groups.#": "0",
                            "ingress.2214680975.self": "false",
                            "ingress.2214680975.to_port": "80",
                            "ingress.3068409405.cidr_blocks.#": "1",
                            "ingress.3068409405.cidr_blocks.0": "0.0.0.0/0",
                            "ingress.3068409405.description": "",
                            "ingress.3068409405.from_port": "8",
                            "ingress.3068409405.ipv6_cidr_blocks.#": "0",
                            "ingress.3068409405.prefix_list_ids.#": "0",
                            "ingress.3068409405.protocol": "icmp",
                            "ingress.3068409405.security_groups.#": "0",
                            "ingress.3068409405.self": "false",
                            "ingress.3068409405.to_port": "0",
                            "name": "tek-as-fulstack-app-inbound-sg",
                            "owner_id": "008634694210",
                            "revoke_rules_on_delete": "false",
                            "tags.%": "1",
                            "tags.Name": "tek-as-fulstack-app-inbound-sg",
                            "vpc_id": "vpc-076c3a0252852148a"
                        },
                        "meta": {
                            "e2bfb730-ecaa-11e6-8f88-34363bc7c4c0": {
                                "create": 600000000000,
                                "delete": 600000000000
                            },
                            "schema_version": "1"
                        },
                        "tainted": false
                    },
                    "deposed": [],
                    "provider": "provider.aws"
                },
                "aws_security_group.ecs_service": {
                    "type": "aws_security_group",
                    "depends_on": [],
                    "primary": {
                        "id": "sg-0ef984cb828a02c7e",
                        "attributes": {
                            "arn": "arn:aws:ec2:us-east-2:008634694210:security-group/sg-0ef984cb828a02c7e",
                            "description": "Allow egress from container",
                            "egress.#": "1",
                            "egress.482069346.cidr_blocks.#": "1",
                            "egress.482069346.cidr_blocks.0": "0.0.0.0/0",
                            "egress.482069346.description": "",
                            "egress.482069346.from_port": "0",
                            "egress.482069346.ipv6_cidr_blocks.#": "0",
                            "egress.482069346.prefix_list_ids.#": "0",
                            "egress.482069346.protocol": "-1",
                            "egress.482069346.security_groups.#": "0",
                            "egress.482069346.self": "false",
                            "egress.482069346.to_port": "0",
                            "id": "sg-0ef984cb828a02c7e",
                            "ingress.#": "1",
                            "ingress.3068409405.cidr_blocks.#": "1",
                            "ingress.3068409405.cidr_blocks.0": "0.0.0.0/0",
                            "ingress.3068409405.description": "",
                            "ingress.3068409405.from_port": "8",
                            "ingress.3068409405.ipv6_cidr_blocks.#": "0",
                            "ingress.3068409405.prefix_list_ids.#": "0",
                            "ingress.3068409405.protocol": "icmp",
                            "ingress.3068409405.security_groups.#": "0",
                            "ingress.3068409405.self": "false",
                            "ingress.3068409405.to_port": "0",
                            "name": "tek-as-fulstack-ecs-service-sg",
                            "owner_id": "008634694210",
                            "revoke_rules_on_delete": "false",
                            "tags.%": "2",
                            "tags.Environment": "tek-as-fulstack",
                            "tags.Name": "tek-as-fulstack-ecs-service-sg",
                            "vpc_id": "vpc-076c3a0252852148a"
                        },
                        "meta": {
                            "e2bfb730-ecaa-11e6-8f88-34363bc7c4c0": {
                                "create": 600000000000,
                                "delete": 600000000000
                            },
                            "schema_version": "1"
                        },
                        "tainted": false
                    },
                    "deposed": [],
                    "provider": "provider.aws"
                },
                "data.aws_ecs_task_definition.app": {
                    "type": "aws_ecs_task_definition",
                    "depends_on": [
                        "aws_ecs_task_definition.app"
                    ],
                    "primary": {
                        "id": "arn:aws:ecs:us-east-2:008634694210:task-definition/tek-as-fulstack_app:4",
                        "attributes": {
                            "family": "tek-as-fulstack_app",
                            "id": "arn:aws:ecs:us-east-2:008634694210:task-definition/tek-as-fulstack_app:4",
                            "network_mode": "awsvpc",
                            "revision": "4",
                            "status": "ACTIVE",
                            "task_definition": "tek-as-fulstack_app",
                            "task_role_arn": "arn:aws:iam::008634694210:role/ecs_task_execution_role"
                        },
                        "meta": {},
                        "tainted": false
                    },
                    "deposed": [],
                    "provider": "provider.aws"
                },
                "data.aws_iam_policy_document.ecs_service_policy": {
                    "type": "aws_iam_policy_document",
                    "depends_on": [],
                    "primary": {
                        "id": "3615693260",
                        "attributes": {
                            "id": "3615693260",
                            "json": "{\n  \"Version\": \"2012-10-17\",\n  \"Statement\": [\n    {\n      \"Sid\": \"\",\n      \"Effect\": \"Allow\",\n      \"Action\": [\n        \"elasticloadbalancing:RegisterInstancesWithLoadBalancer\",\n        \"elasticloadbalancing:Describe*\",\n        \"elasticloadbalancing:DeregisterInstancesFromLoadBalancer\",\n        \"ec2:Describe*\",\n        \"ec2:AuthorizeSecurityGroupIngress\"\n      ],\n      \"Resource\": \"*\"\n    }\n  ]\n}",
                            "statement.#": "1",
                            "statement.0.actions.#": "5",
                            "statement.0.actions.2459212947": "ec2:Describe*",
                            "statement.0.actions.2464853358": "ec2:AuthorizeSecurityGroupIngress",
                            "statement.0.actions.2706807274": "elasticloadbalancing:DeregisterInstancesFromLoadBalancer",
                            "statement.0.actions.2747799858": "elasticloadbalancing:Describe*",
                            "statement.0.actions.982461153": "elasticloadbalancing:RegisterInstancesWithLoadBalancer",
                            "statement.0.condition.#": "0",
                            "statement.0.effect": "Allow",
                            "statement.0.not_actions.#": "0",
                            "statement.0.not_principals.#": "0",
                            "statement.0.not_resources.#": "0",
                            "statement.0.principals.#": "0",
                            "statement.0.resources.#": "1",
                            "statement.0.resources.2679715827": "*",
                            "statement.0.sid": "",
                            "version": "2012-10-17"
                        },
                        "meta": {},
                        "tainted": false
                    },
                    "deposed": [],
                    "provider": "provider.aws"
                },
                "data.aws_iam_policy_document.ecs_service_role": {
                    "type": "aws_iam_policy_document",
                    "depends_on": [],
                    "primary": {
                        "id": "3622649364",
                        "attributes": {
                            "id": "3622649364",
                            "json": "{\n  \"Version\": \"2012-10-17\",\n  \"Statement\": [\n    {\n      \"Sid\": \"\",\n      \"Effect\": \"Allow\",\n      \"Action\": \"sts:AssumeRole\",\n      \"Principal\": {\n        \"Service\": \"ecs.amazonaws.com\"\n      }\n    }\n  ]\n}",
                            "statement.#": "1",
                            "statement.0.actions.#": "1",
                            "statement.0.actions.2528466339": "sts:AssumeRole",
                            "statement.0.condition.#": "0",
                            "statement.0.effect": "Allow",
                            "statement.0.not_actions.#": "0",
                            "statement.0.not_principals.#": "0",
                            "statement.0.not_resources.#": "0",
                            "statement.0.principals.#": "1",
                            "statement.0.principals.1113412664.identifiers.#": "1",
                            "statement.0.principals.1113412664.identifiers.1509832800": "ecs.amazonaws.com",
                            "statement.0.principals.1113412664.type": "Service",
                            "statement.0.resources.#": "0",
                            "statement.0.sid": "",
                            "version": "2012-10-17"
                        },
                        "meta": {},
                        "tainted": false
                    },
                    "deposed": [],
                    "provider": "provider.aws"
                },
                "data.template_file.app_task": {
                    "type": "template_file",
                    "depends_on": [
                        "aws_ecr_repository.app"
                    ],
                    "primary": {
                        "id": "d4822c1396e66073b96e58da6ab2d2ca1292c84f76b72cb772a2bbd81e44582d",
                        "attributes": {
                            "id": "d4822c1396e66073b96e58da6ab2d2ca1292c84f76b72cb772a2bbd81e44582d",
                            "rendered": "[ \n  { \n    \"name\": \"app\",\n    \"image\": \"008634694210.dkr.ecr.us-east-2.amazonaws.com/tech-assessment/fullstack/api\",\n    \"essential\": true,\n    \"logConfiguration\": { \n        \"logDriver\": \"awslogs\",\n        \"options\": { \n          \"awslogs-group\" : \"tech-assessment-fullstack-api\",\n          \"awslogs-region\": \"us-east-2\",\n          \"awslogs-stream-prefix\": \"ecs\"\n        }\n    },\n    \"portMappings\": [ \n        { \n          \"containerPort\": 80,\n          \"protocol\": \"tcp\"\n        }\n    ],\n    \"healthCheck\": {\n      \"command\": [ \"CMD-SHELL\", \"curl -f http://localhost || exit 1\" ]\n    }\n  }\n]",
                            "template": "[ \n  { \n    \"name\": \"app\",\n    \"image\": \"${image}\",\n    \"essential\": true,\n    \"logConfiguration\": { \n        \"logDriver\": \"awslogs\",\n        \"options\": { \n          \"awslogs-group\" : \"tech-assessment-fullstack-api\",\n          \"awslogs-region\": \"us-east-2\",\n          \"awslogs-stream-prefix\": \"ecs\"\n        }\n    },\n    \"portMappings\": [ \n        { \n          \"containerPort\": 80,\n          \"protocol\": \"tcp\"\n        }\n    ],\n    \"healthCheck\": {\n      \"command\": [ \"CMD-SHELL\", \"curl -f http://localhost || exit 1\" ]\n    }\n  }\n]",
                            "vars.%": "2",
                            "vars.database_url": "postgresql://abc:password@tek-as-fulstack-database.c2et0rs5lowg.us-east-2.rds.amazonaws.com:5432/abc?encoding=utf8\u0026pool=40",
                            "vars.image": "008634694210.dkr.ecr.us-east-2.amazonaws.com/tech-assessment/fullstack/api"
                        },
                        "meta": {},
                        "tainted": false
                    },
                    "deposed": [],
                    "provider": "provider.template"
                },
                "random_id.target_group_sufix": {
                    "type": "random_id",
                    "depends_on": [],
                    "primary": {
                        "id": "jtI",
                        "attributes": {
                            "b64": "jtI",
                            "b64_std": "jtI=",
                            "b64_url": "jtI",
                            "byte_length": "2",
                            "dec": "36562",
                            "hex": "8ed2",
                            "id": "jtI"
                        },
                        "meta": {},
                        "tainted": false
                    },
                    "deposed": [],
                    "provider": "provider.random"
                }
            },
            "depends_on": []
        },
        {
            "path": [
                "root",
                "networking"
            ],
            "outputs": {
                "default_sg_id": {
                    "sensitive": false,
                    "type": "string",
                    "value": "sg-0ca1febd286abf0d5"
                },
                "private_subnets_id": {
                    "sensitive": false,
                    "type": "list",
                    "value": [
                        "subnet-06ef5164810417af0",
                        "subnet-06c12cdac087ffc6c"
                    ]
                },
                "public_subnets_id": {
                    "sensitive": false,
                    "type": "list",
                    "value": [
                        "subnet-0e5bdcbba3854530f",
                        "subnet-0be8e35a2c0fa597b"
                    ]
                },
                "security_groups_ids": {
                    "sensitive": false,
                    "type": "list",
                    "value": [
                        "sg-0ca1febd286abf0d5"
                    ]
                },
                "vpc_id": {
                    "sensitive": false,
                    "type": "string",
                    "value": "vpc-076c3a0252852148a"
                }
            },
            "resources": {
                "aws_eip.nat_eip": {
                    "type": "aws_eip",
                    "depends_on": [
                        "aws_internet_gateway.ig"
                    ],
                    "primary": {
                        "id": "eipalloc-0b165a3c052e37e91",
                        "attributes": {
                            "association_id": "eipassoc-09f8ccb07899470d6",
                            "domain": "vpc",
                            "id": "eipalloc-0b165a3c052e37e91",
                            "instance": "",
                            "network_interface": "eni-0e8272ead85b59430",
                            "private_dns": "ip-10-0-1-81.us-east-2.compute.internal",
                            "private_ip": "10.0.1.81",
                            "public_dns": "ec2-3-14-62-175.us-east-2.compute.amazonaws.com",
                            "public_ip": "3.14.62.175",
                            "public_ipv4_pool": "amazon",
                            "tags.%": "0",
                            "vpc": "true"
                        },
                        "meta": {
                            "e2bfb730-ecaa-11e6-8f88-34363bc7c4c0": {
                                "delete": 180000000000,
                                "read": 900000000000,
                                "update": 300000000000
                            }
                        },
                        "tainted": false
                    },
                    "deposed": [],
                    "provider": "provider.aws"
                },
                "aws_internet_gateway.ig": {
                    "type": "aws_internet_gateway",
                    "depends_on": [
                        "aws_vpc.vpc"
                    ],
                    "primary": {
                        "id": "igw-00b9c533cf5f5a3a9",
                        "attributes": {
                            "id": "igw-00b9c533cf5f5a3a9",
                            "owner_id": "008634694210",
                            "tags.%": "2",
                            "tags.Environment": "tek-as-fulstack",
                            "tags.Name": "tek-as-fulstack-igw",
                            "vpc_id": "vpc-076c3a0252852148a"
                        },
                        "meta": {},
                        "tainted": false
                    },
                    "deposed": [],
                    "provider": "provider.aws"
                },
                "aws_nat_gateway.nat": {
                    "type": "aws_nat_gateway",
                    "depends_on": [
                        "aws_eip.nat_eip",
                        "aws_internet_gateway.ig",
                        "aws_subnet.public_subnet.*"
                    ],
                    "primary": {
                        "id": "nat-070cba1276599ce23",
                        "attributes": {
                            "allocation_id": "eipalloc-0b165a3c052e37e91",
                            "id": "nat-070cba1276599ce23",
                            "network_interface_id": "eni-0e8272ead85b59430",
                            "private_ip": "10.0.1.81",
                            "public_ip": "3.14.62.175",
                            "subnet_id": "subnet-0e5bdcbba3854530f",
                            "tags.%": "2",
                            "tags.Environment": "tek-as-fulstack",
                            "tags.Name": "tek-as-fulstack-us-east-2a-nat"
                        },
                        "meta": {},
                        "tainted": false
                    },
                    "deposed": [],
                    "provider": "provider.aws"
                },
                "aws_route.private_nat_gateway": {
                    "type": "aws_route",
                    "depends_on": [
                        "aws_nat_gateway.nat",
                        "aws_route_table.private"
                    ],
                    "primary": {
                        "id": "r-rtb-05b2f7bb2647965891080289494",
                        "attributes": {
                            "destination_cidr_block": "0.0.0.0/0",
                            "destination_prefix_list_id": "",
                            "egress_only_gateway_id": "",
                            "gateway_id": "",
                            "id": "r-rtb-05b2f7bb2647965891080289494",
                            "instance_id": "",
                            "instance_owner_id": "",
                            "nat_gateway_id": "nat-070cba1276599ce23",
                            "network_interface_id": "",
                            "origin": "CreateRoute",
                            "route_table_id": "rtb-05b2f7bb264796589",
                            "state": "active",
                            "transit_gateway_id": "",
                            "vpc_peering_connection_id": ""
                        },
                        "meta": {
                            "e2bfb730-ecaa-11e6-8f88-34363bc7c4c0": {
                                "create": 120000000000,
                                "delete": 300000000000
                            }
                        },
                        "tainted": false
                    },
                    "deposed": [],
                    "provider": "provider.aws"
                },
                "aws_route.public_internet_gateway": {
                    "type": "aws_route",
                    "depends_on": [
                        "aws_internet_gateway.ig",
                        "aws_route_table.public"
                    ],
                    "primary": {
                        "id": "r-rtb-0a9983db678dcfd791080289494",
                        "attributes": {
                            "destination_cidr_block": "0.0.0.0/0",
                            "destination_prefix_list_id": "",
                            "egress_only_gateway_id": "",
                            "gateway_id": "igw-00b9c533cf5f5a3a9",
                            "id": "r-rtb-0a9983db678dcfd791080289494",
                            "instance_id": "",
                            "instance_owner_id": "",
                            "nat_gateway_id": "",
                            "network_interface_id": "",
                            "origin": "CreateRoute",
                            "route_table_id": "rtb-0a9983db678dcfd79",
                            "state": "active",
                            "transit_gateway_id": "",
                            "vpc_peering_connection_id": ""
                        },
                        "meta": {
                            "e2bfb730-ecaa-11e6-8f88-34363bc7c4c0": {
                                "create": 120000000000,
                                "delete": 300000000000
                            }
                        },
                        "tainted": false
                    },
                    "deposed": [],
                    "provider": "provider.aws"
                },
                "aws_route_table.private": {
                    "type": "aws_route_table",
                    "depends_on": [
                        "aws_vpc.vpc"
                    ],
                    "primary": {
                        "id": "rtb-05b2f7bb264796589",
                        "attributes": {
                            "id": "rtb-05b2f7bb264796589",
                            "owner_id": "008634694210",
                            "propagating_vgws.#": "0",
                            "route.#": "1",
                            "route.646854444.cidr_block": "0.0.0.0/0",
                            "route.646854444.egress_only_gateway_id": "",
                            "route.646854444.gateway_id": "",
                            "route.646854444.instance_id": "",
                            "route.646854444.ipv6_cidr_block": "",
                            "route.646854444.nat_gateway_id": "nat-070cba1276599ce23",
                            "route.646854444.network_interface_id": "",
                            "route.646854444.transit_gateway_id": "",
                            "route.646854444.vpc_peering_connection_id": "",
                            "tags.%": "2",
                            "tags.Environment": "tek-as-fulstack",
                            "tags.Name": "tek-as-fulstack-private-route-table",
                            "vpc_id": "vpc-076c3a0252852148a"
                        },
                        "meta": {},
                        "tainted": false
                    },
                    "deposed": [],
                    "provider": "provider.aws"
                },
                "aws_route_table.public": {
                    "type": "aws_route_table",
                    "depends_on": [
                        "aws_vpc.vpc"
                    ],
                    "primary": {
                        "id": "rtb-0a9983db678dcfd79",
                        "attributes": {
                            "id": "rtb-0a9983db678dcfd79",
                            "owner_id": "008634694210",
                            "propagating_vgws.#": "0",
                            "route.#": "1",
                            "route.3801310060.cidr_block": "0.0.0.0/0",
                            "route.3801310060.egress_only_gateway_id": "",
                            "route.3801310060.gateway_id": "igw-00b9c533cf5f5a3a9",
                            "route.3801310060.instance_id": "",
                            "route.3801310060.ipv6_cidr_block": "",
                            "route.3801310060.nat_gateway_id": "",
                            "route.3801310060.network_interface_id": "",
                            "route.3801310060.transit_gateway_id": "",
                            "route.3801310060.vpc_peering_connection_id": "",
                            "tags.%": "2",
                            "tags.Environment": "tek-as-fulstack",
                            "tags.Name": "tek-as-fulstack-public-route-table",
                            "vpc_id": "vpc-076c3a0252852148a"
                        },
                        "meta": {},
                        "tainted": false
                    },
                    "deposed": [],
                    "provider": "provider.aws"
                },
                "aws_route_table_association.private.0": {
                    "type": "aws_route_table_association",
                    "depends_on": [
                        "aws_route_table.private",
                        "aws_subnet.private_subnet.*"
                    ],
                    "primary": {
                        "id": "rtbassoc-0274af1ef7b1b90ae",
                        "attributes": {
                            "id": "rtbassoc-0274af1ef7b1b90ae",
                            "route_table_id": "rtb-05b2f7bb264796589",
                            "subnet_id": "subnet-06ef5164810417af0"
                        },
                        "meta": {},
                        "tainted": false
                    },
                    "deposed": [],
                    "provider": "provider.aws"
                },
                "aws_route_table_association.private.1": {
                    "type": "aws_route_table_association",
                    "depends_on": [
                        "aws_route_table.private",
                        "aws_subnet.private_subnet.*"
                    ],
                    "primary": {
                        "id": "rtbassoc-0d71b7bfeaa34489e",
                        "attributes": {
                            "id": "rtbassoc-0d71b7bfeaa34489e",
                            "route_table_id": "rtb-05b2f7bb264796589",
                            "subnet_id": "subnet-06c12cdac087ffc6c"
                        },
                        "meta": {},
                        "tainted": false
                    },
                    "deposed": [],
                    "provider": "provider.aws"
                },
                "aws_route_table_association.public.0": {
                    "type": "aws_route_table_association",
                    "depends_on": [
                        "aws_route_table.public",
                        "aws_subnet.public_subnet.*"
                    ],
                    "primary": {
                        "id": "rtbassoc-09baff614a00f62a0",
                        "attributes": {
                            "id": "rtbassoc-09baff614a00f62a0",
                            "route_table_id": "rtb-0a9983db678dcfd79",
                            "subnet_id": "subnet-0e5bdcbba3854530f"
                        },
                        "meta": {},
                        "tainted": false
                    },
                    "deposed": [],
                    "provider": "provider.aws"
                },
                "aws_route_table_association.public.1": {
                    "type": "aws_route_table_association",
                    "depends_on": [
                        "aws_route_table.public",
                        "aws_subnet.public_subnet.*"
                    ],
                    "primary": {
                        "id": "rtbassoc-05f4ebb7ef8445674",
                        "attributes": {
                            "id": "rtbassoc-05f4ebb7ef8445674",
                            "route_table_id": "rtb-0a9983db678dcfd79",
                            "subnet_id": "subnet-0be8e35a2c0fa597b"
                        },
                        "meta": {},
                        "tainted": false
                    },
                    "deposed": [],
                    "provider": "provider.aws"
                },
                "aws_security_group.default": {
                    "type": "aws_security_group",
                    "depends_on": [
                        "aws_vpc.vpc"
                    ],
                    "primary": {
                        "id": "sg-0ca1febd286abf0d5",
                        "attributes": {
                            "arn": "arn:aws:ec2:us-east-2:008634694210:security-group/sg-0ca1febd286abf0d5",
                            "description": "Default security group to allow inbound/outbound from the VPC",
                            "egress.#": "1",
                            "egress.753360330.cidr_blocks.#": "0",
                            "egress.753360330.description": "",
                            "egress.753360330.from_port": "0",
                            "egress.753360330.ipv6_cidr_blocks.#": "0",
                            "egress.753360330.prefix_list_ids.#": "0",
                            "egress.753360330.protocol": "-1",
                            "egress.753360330.security_groups.#": "0",
                            "egress.753360330.self": "true",
                            "egress.753360330.to_port": "0",
                            "id": "sg-0ca1febd286abf0d5",
                            "ingress.#": "1",
                            "ingress.753360330.cidr_blocks.#": "0",
                            "ingress.753360330.description": "",
                            "ingress.753360330.from_port": "0",
                            "ingress.753360330.ipv6_cidr_blocks.#": "0",
                            "ingress.753360330.prefix_list_ids.#": "0",
                            "ingress.753360330.protocol": "-1",
                            "ingress.753360330.security_groups.#": "0",
                            "ingress.753360330.self": "true",
                            "ingress.753360330.to_port": "0",
                            "name": "tek-as-fulstack-default-sg",
                            "owner_id": "008634694210",
                            "revoke_rules_on_delete": "false",
                            "tags.%": "1",
                            "tags.Environment": "tek-as-fulstack",
                            "vpc_id": "vpc-076c3a0252852148a"
                        },
                        "meta": {
                            "e2bfb730-ecaa-11e6-8f88-34363bc7c4c0": {
                                "create": 600000000000,
                                "delete": 600000000000
                            },
                            "schema_version": "1"
                        },
                        "tainted": false
                    },
                    "deposed": [],
                    "provider": "provider.aws"
                },
                "aws_subnet.private_subnet.0": {
                    "type": "aws_subnet",
                    "depends_on": [
                        "aws_vpc.vpc"
                    ],
                    "primary": {
                        "id": "subnet-06ef5164810417af0",
                        "attributes": {
                            "arn": "arn:aws:ec2:us-east-2:008634694210:subnet/subnet-06ef5164810417af0",
                            "assign_ipv6_address_on_creation": "false",
                            "availability_zone": "us-east-2a",
                            "availability_zone_id": "use2-az1",
                            "cidr_block": "10.0.10.0/24",
                            "id": "subnet-06ef5164810417af0",
                            "ipv6_cidr_block": "",
                            "ipv6_cidr_block_association_id": "",
                            "map_public_ip_on_launch": "false",
                            "owner_id": "008634694210",
                            "tags.%": "2",
                            "tags.Environment": "tek-as-fulstack",
                            "tags.Name": "tek-as-fulstack-us-east-2a-private-subnet",
                            "vpc_id": "vpc-076c3a0252852148a"
                        },
                        "meta": {
                            "e2bfb730-ecaa-11e6-8f88-34363bc7c4c0": {
                                "create": 600000000000,
                                "delete": 600000000000
                            },
                            "schema_version": "1"
                        },
                        "tainted": false
                    },
                    "deposed": [],
                    "provider": "provider.aws"
                },
                "aws_subnet.private_subnet.1": {
                    "type": "aws_subnet",
                    "depends_on": [
                        "aws_vpc.vpc"
                    ],
                    "primary": {
                        "id": "subnet-06c12cdac087ffc6c",
                        "attributes": {
                            "arn": "arn:aws:ec2:us-east-2:008634694210:subnet/subnet-06c12cdac087ffc6c",
                            "assign_ipv6_address_on_creation": "false",
                            "availability_zone": "us-east-2b",
                            "availability_zone_id": "use2-az2",
                            "cidr_block": "10.0.20.0/24",
                            "id": "subnet-06c12cdac087ffc6c",
                            "ipv6_cidr_block": "",
                            "ipv6_cidr_block_association_id": "",
                            "map_public_ip_on_launch": "false",
                            "owner_id": "008634694210",
                            "tags.%": "2",
                            "tags.Environment": "tek-as-fulstack",
                            "tags.Name": "tek-as-fulstack-us-east-2b-private-subnet",
                            "vpc_id": "vpc-076c3a0252852148a"
                        },
                        "meta": {
                            "e2bfb730-ecaa-11e6-8f88-34363bc7c4c0": {
                                "create": 600000000000,
                                "delete": 600000000000
                            },
                            "schema_version": "1"
                        },
                        "tainted": false
                    },
                    "deposed": [],
                    "provider": "provider.aws"
                },
                "aws_subnet.public_subnet.0": {
                    "type": "aws_subnet",
                    "depends_on": [
                        "aws_vpc.vpc"
                    ],
                    "primary": {
                        "id": "subnet-0e5bdcbba3854530f",
                        "attributes": {
                            "arn": "arn:aws:ec2:us-east-2:008634694210:subnet/subnet-0e5bdcbba3854530f",
                            "assign_ipv6_address_on_creation": "false",
                            "availability_zone": "us-east-2a",
                            "availability_zone_id": "use2-az1",
                            "cidr_block": "10.0.1.0/24",
                            "id": "subnet-0e5bdcbba3854530f",
                            "ipv6_cidr_block": "",
                            "ipv6_cidr_block_association_id": "",
                            "map_public_ip_on_launch": "true",
                            "owner_id": "008634694210",
                            "tags.%": "2",
                            "tags.Environment": "tek-as-fulstack",
                            "tags.Name": "tek-as-fulstack-us-east-2a-public-subnet",
                            "vpc_id": "vpc-076c3a0252852148a"
                        },
                        "meta": {
                            "e2bfb730-ecaa-11e6-8f88-34363bc7c4c0": {
                                "create": 600000000000,
                                "delete": 600000000000
                            },
                            "schema_version": "1"
                        },
                        "tainted": false
                    },
                    "deposed": [],
                    "provider": "provider.aws"
                },
                "aws_subnet.public_subnet.1": {
                    "type": "aws_subnet",
                    "depends_on": [
                        "aws_vpc.vpc"
                    ],
                    "primary": {
                        "id": "subnet-0be8e35a2c0fa597b",
                        "attributes": {
                            "arn": "arn:aws:ec2:us-east-2:008634694210:subnet/subnet-0be8e35a2c0fa597b",
                            "assign_ipv6_address_on_creation": "false",
                            "availability_zone": "us-east-2b",
                            "availability_zone_id": "use2-az2",
                            "cidr_block": "10.0.2.0/24",
                            "id": "subnet-0be8e35a2c0fa597b",
                            "ipv6_cidr_block": "",
                            "ipv6_cidr_block_association_id": "",
                            "map_public_ip_on_launch": "true",
                            "owner_id": "008634694210",
                            "tags.%": "2",
                            "tags.Environment": "tek-as-fulstack",
                            "tags.Name": "tek-as-fulstack-us-east-2b-public-subnet",
                            "vpc_id": "vpc-076c3a0252852148a"
                        },
                        "meta": {
                            "e2bfb730-ecaa-11e6-8f88-34363bc7c4c0": {
                                "create": 600000000000,
                                "delete": 600000000000
                            },
                            "schema_version": "1"
                        },
                        "tainted": false
                    },
                    "deposed": [],
                    "provider": "provider.aws"
                },
                "aws_vpc.vpc": {
                    "type": "aws_vpc",
                    "depends_on": [],
                    "primary": {
                        "id": "vpc-076c3a0252852148a",
                        "attributes": {
                            "arn": "arn:aws:ec2:us-east-2:008634694210:vpc/vpc-076c3a0252852148a",
                            "assign_generated_ipv6_cidr_block": "false",
                            "cidr_block": "10.0.0.0/16",
                            "default_network_acl_id": "acl-0210bbd20579ef1a5",
                            "default_route_table_id": "rtb-0c3fdbcb171f51983",
                            "default_security_group_id": "sg-093c3b4875b44ab04",
                            "dhcp_options_id": "dopt-c52046ac",
                            "enable_dns_hostnames": "true",
                            "enable_dns_support": "true",
                            "id": "vpc-076c3a0252852148a",
                            "instance_tenancy": "default",
                            "ipv6_association_id": "",
                            "ipv6_cidr_block": "",
                            "main_route_table_id": "rtb-0c3fdbcb171f51983",
                            "owner_id": "008634694210",
                            "tags.%": "2",
                            "tags.Environment": "tek-as-fulstack",
                            "tags.Name": "tek-as-fulstack-vpc"
                        },
                        "meta": {
                            "schema_version": "1"
                        },
                        "tainted": false
                    },
                    "deposed": [],
                    "provider": "provider.aws"
                }
            },
            "depends_on": []
        },
        {
            "path": [
                "root",
                "rds"
            ],
            "outputs": {
                "db_access_sg_id": {
                    "sensitive": false,
                    "type": "string",
                    "value": "sg-09dc246bcd7d062c3"
                },
                "rds_address": {
                    "sensitive": false,
                    "type": "string",
                    "value": "tek-as-fulstack-database.c2et0rs5lowg.us-east-2.rds.amazonaws.com"
                }
            },
            "resources": {
                "aws_db_instance.rds": {
                    "type": "aws_db_instance",
                    "depends_on": [
                        "aws_db_subnet_group.rds_subnet_group",
                        "aws_security_group.rds_sg"
                    ],
                    "primary": {
                        "id": "tek-as-fulstack-database",
                        "attributes": {
                            "address": "tek-as-fulstack-database.c2et0rs5lowg.us-east-2.rds.amazonaws.com",
                            "allocated_storage": "20",
                            "arn": "arn:aws:rds:us-east-2:008634694210:db:tek-as-fulstack-database",
                            "auto_minor_version_upgrade": "true",
                            "availability_zone": "us-east-2b",
                            "backup_retention_period": "0",
                            "backup_window": "03:11-03:41",
                            "ca_cert_identifier": "rds-ca-2015",
                            "copy_tags_to_snapshot": "false",
                            "db_subnet_group_name": "tek-as-fulstack-rds-subnet-group",
                            "deletion_protection": "false",
                            "domain": "",
                            "domain_iam_role_name": "",
                            "enabled_cloudwatch_logs_exports.#": "0",
                            "endpoint": "tek-as-fulstack-database.c2et0rs5lowg.us-east-2.rds.amazonaws.com:5432",
                            "engine": "postgres",
                            "engine_version": "9.6.6",
                            "hosted_zone_id": "Z2XHWR1WZ565X2",
                            "iam_database_authentication_enabled": "false",
                            "id": "tek-as-fulstack-database",
                            "identifier": "tek-as-fulstack-database",
                            "instance_class": "db.t2.micro",
                            "iops": "0",
                            "kms_key_id": "",
                            "license_model": "postgresql-license",
                            "maintenance_window": "thu:07:23-thu:07:53",
                            "monitoring_interval": "0",
                            "multi_az": "false",
                            "name": "abc",
                            "option_group_name": "default:postgres-9-6",
                            "parameter_group_name": "default.postgres9.6",
                            "password": "password",
                            "port": "5432",
                            "publicly_accessible": "false",
                            "replicas.#": "0",
                            "replicate_source_db": "",
                            "resource_id": "db-PE44RBUABBHESWQZ23VHB6K3AY",
                            "security_group_names.#": "0",
                            "skip_final_snapshot": "true",
                            "status": "available",
                            "storage_encrypted": "false",
                            "storage_type": "gp2",
                            "tags.%": "1",
                            "tags.Environment": "tek-as-fulstack",
                            "timezone": "",
                            "username": "abc",
                            "vpc_security_group_ids.#": "1",
                            "vpc_security_group_ids.1831035441": "sg-06d94bd9f2acfd103"
                        },
                        "meta": {
                            "e2bfb730-ecaa-11e6-8f88-34363bc7c4c0": {
                                "create": 2400000000000,
                                "delete": 2400000000000,
                                "update": 4800000000000
                            }
                        },
                        "tainted": false
                    },
                    "deposed": [],
                    "provider": "provider.aws"
                },
                "aws_db_subnet_group.rds_subnet_group": {
                    "type": "aws_db_subnet_group",
                    "depends_on": [],
                    "primary": {
                        "id": "tek-as-fulstack-rds-subnet-group",
                        "attributes": {
                            "arn": "arn:aws:rds:us-east-2:008634694210:subgrp:tek-as-fulstack-rds-subnet-group",
                            "description": "RDS subnet group",
                            "id": "tek-as-fulstack-rds-subnet-group",
                            "name": "tek-as-fulstack-rds-subnet-group",
                            "subnet_ids.#": "2",
                            "subnet_ids.1134004761": "subnet-06c12cdac087ffc6c",
                            "subnet_ids.3397305600": "subnet-06ef5164810417af0",
                            "tags.%": "1",
                            "tags.Environment": "tek-as-fulstack"
                        },
                        "meta": {},
                        "tainted": false
                    },
                    "deposed": [],
                    "provider": "provider.aws"
                },
                "aws_security_group.db_access_sg": {
                    "type": "aws_security_group",
                    "depends_on": [],
                    "primary": {
                        "id": "sg-09dc246bcd7d062c3",
                        "attributes": {
                            "arn": "arn:aws:ec2:us-east-2:008634694210:security-group/sg-09dc246bcd7d062c3",
                            "description": "Allow access to RDS",
                            "egress.#": "0",
                            "id": "sg-09dc246bcd7d062c3",
                            "ingress.#": "0",
                            "name": "tek-as-fulstack-db-access-sg",
                            "owner_id": "008634694210",
                            "revoke_rules_on_delete": "false",
                            "tags.%": "2",
                            "tags.Environment": "tek-as-fulstack",
                            "tags.Name": "tek-as-fulstack-db-access-sg",
                            "vpc_id": "vpc-076c3a0252852148a"
                        },
                        "meta": {
                            "e2bfb730-ecaa-11e6-8f88-34363bc7c4c0": {
                                "create": 600000000000,
                                "delete": 600000000000
                            },
                            "schema_version": "1"
                        },
                        "tainted": false
                    },
                    "deposed": [],
                    "provider": "provider.aws"
                },
                "aws_security_group.rds_sg": {
                    "type": "aws_security_group",
                    "depends_on": [
                        "aws_security_group.db_access_sg"
                    ],
                    "primary": {
                        "id": "sg-06d94bd9f2acfd103",
                        "attributes": {
                            "arn": "arn:aws:ec2:us-east-2:008634694210:security-group/sg-06d94bd9f2acfd103",
                            "description": "tek-as-fulstack Security Group",
                            "egress.#": "0",
                            "id": "sg-06d94bd9f2acfd103",
                            "ingress.#": "2",
                            "ingress.3221380485.cidr_blocks.#": "0",
                            "ingress.3221380485.description": "",
                            "ingress.3221380485.from_port": "5432",
                            "ingress.3221380485.ipv6_cidr_blocks.#": "0",
                            "ingress.3221380485.prefix_list_ids.#": "0",
                            "ingress.3221380485.protocol": "tcp",
                            "ingress.3221380485.security_groups.#": "1",
                            "ingress.3221380485.security_groups.3307811793": "sg-09dc246bcd7d062c3",
                            "ingress.3221380485.self": "false",
                            "ingress.3221380485.to_port": "5432",
                            "ingress.753360330.cidr_blocks.#": "0",
                            "ingress.753360330.description": "",
                            "ingress.753360330.from_port": "0",
                            "ingress.753360330.ipv6_cidr_blocks.#": "0",
                            "ingress.753360330.prefix_list_ids.#": "0",
                            "ingress.753360330.protocol": "-1",
                            "ingress.753360330.security_groups.#": "0",
                            "ingress.753360330.self": "true",
                            "ingress.753360330.to_port": "0",
                            "name": "tek-as-fulstack-rds-sg",
                            "owner_id": "008634694210",
                            "revoke_rules_on_delete": "false",
                            "tags.%": "2",
                            "tags.Environment": "tek-as-fulstack",
                            "tags.Name": "tek-as-fulstack-rds-sg",
                            "vpc_id": "vpc-076c3a0252852148a"
                        },
                        "meta": {
                            "e2bfb730-ecaa-11e6-8f88-34363bc7c4c0": {
                                "create": 600000000000,
                                "delete": 600000000000
                            },
                            "schema_version": "1"
                        },
                        "tainted": false
                    },
                    "deposed": [],
                    "provider": "provider.aws"
                }
            },
            "depends_on": []
        }
    ]
}
